
Microsoft Visual Studio Solution File, Format Version 12.00
# Visual Studio Version 16
VisualStudioVersion = 16.0.30523.141
MinimumVisualStudioVersion = 10.0.40219.1
Project("{FAE04EC0-301F-11D3-BF4B-00C04F79EFBC}") = "GoodFood", "GoodFood\GoodFood.csproj", "{D57CE303-3CB3-4EAF-8048-A025FA431745}"
EndProject
Global
	GlobalSection(SolutionConfigurationPlatforms) = preSolution
		Debug|Any CPU = Debug|Any CPU
		Release|Any CPU = Release|Any CPU
	EndGlobalSection
	GlobalSection(ProjectConfigurationPlatforms) = postSolution
		{D57CE303-3CB3-4EAF-8048-A025FA431745}.Debug|Any CPU.ActiveCfg = Debug|Any CPU
		{D57CE303-3CB3-4EAF-8048-A025FA431745}.Debug|Any CPU.Build.0 = Debug|Any CPU
		{D57CE303-3CB3-4EAF-8048-A025FA431745}.Release|Any CPU.ActiveCfg = Release|Any CPU
		{D57CE303-3CB3-4EAF-8048-A025FA431745}.Release|Any CPU.Build.0 = Release|Any CPU
	EndGlobalSection
	GlobalSection(SolutionProperties) = preSolution
		HideSolutionNode = FALSE
	EndGlobalSection
	GlobalSection(ExtensibilityGlobals) = postSolution
		SolutionGuid = {0DC17C32-0055-4863-AB47-05F1D40BB1D2}
	EndGlobalSection
EndGlobal
